
Microsoft Visual Studio Solution File, Format Version 12.00
# Visual Studio 15
VisualStudioVersion = 15.0.27130.2020
MinimumVisualStudioVersion = 10.0.40219.1
Project("{FAE04EC0-301F-11D3-BF4B-00C04F79EFBC}") = "MovieRentalSystem", "MovieRentalSystem\MovieRentalSystem.csproj", "{23712A95-947A-4A31-B1C2-01AEF569C165}"
EndProject
Project("{FAE04EC0-301F-11D3-BF4B-00C04F79EFBC}") = "Tests", "Tests\Tests.csproj", "{D02DC263-2E8C-460B-8952-400219989BC2}"
EndProject
Global
	GlobalSection(SolutionConfigurationPlatforms) = preSolution
		Debug|Any CPU = Debug|Any CPU
		Release|Any CPU = Release|Any CPU
	EndGlobalSection
	GlobalSection(ProjectConfigurationPlatforms) = postSolution
		{23712A95-947A-4A31-B1C2-01AEF569C165}.Debug|Any CPU.ActiveCfg = Debug|Any CPU
		{23712A95-947A-4A31-B1C2-01AEF569C165}.Debug|Any CPU.Build.0 = Debug|Any CPU
		{23712A95-947A-4A31-B1C2-01AEF569C165}.Release|Any CPU.ActiveCfg = Release|Any CPU
		{23712A95-947A-4A31-B1C2-01AEF569C165}.Release|Any CPU.Build.0 = Release|Any CPU
		{D02DC263-2E8C-460B-8952-400219989BC2}.Debug|Any CPU.ActiveCfg = Debug|Any CPU
		{D02DC263-2E8C-460B-8952-400219989BC2}.Debug|Any CPU.Build.0 = Debug|Any CPU
		{D02DC263-2E8C-460B-8952-400219989BC2}.Release|Any CPU.ActiveCfg = Release|Any CPU
		{D02DC263-2E8C-460B-8952-400219989BC2}.Release|Any CPU.Build.0 = Release|Any CPU
	EndGlobalSection
	GlobalSection(SolutionProperties) = preSolution
		HideSolutionNode = FALSE
	EndGlobalSection
	GlobalSection(ExtensibilityGlobals) = postSolution
		SolutionGuid = {A1BE8826-DC3C-4856-85CB-99A4BEA602EF}
	EndGlobalSection
EndGlobal
